
Microsoft Visual Studio Solution File, Format Version 12.00
Project("{FAE04EC0-301F-11D3-BF4B-00C04F79EFBC}") = "BarberMenagment", "BarberMenagment.csproj", "{9B82917A-9097-4FFA-A741-93E23F199534}"
EndProject
Project("{2150E333-8FDC-42A3-9474-1A3956D46DE8}") = "Solution Items", "Solution Items", "{ADCEFA2F-27DA-4248-9166-452A3DC89BFB}"
	ProjectSection(SolutionItems) = preProject
		docker-compose.yaml = docker-compose.yaml
	EndProjectSection
EndProject
Global
	GlobalSection(SolutionConfigurationPlatforms) = preSolution
		Debug|Any CPU = Debug|Any CPU
		Release|Any CPU = Release|Any CPU
	EndGlobalSection
	GlobalSection(ProjectConfigurationPlatforms) = postSolution
		{9B82917A-9097-4FFA-A741-93E23F199534}.Debug|Any CPU.ActiveCfg = Debug|Any CPU
		{9B82917A-9097-4FFA-A741-93E23F199534}.Debug|Any CPU.Build.0 = Debug|Any CPU
		{9B82917A-9097-4FFA-A741-93E23F199534}.Release|Any CPU.ActiveCfg = Release|Any CPU
		{9B82917A-9097-4FFA-A741-93E23F199534}.Release|Any CPU.Build.0 = Release|Any CPU
	EndGlobalSection
EndGlobal
